<?xml version="1.0" encoding="utf-8"?>
<Project ToolsVersion="4.0" xmlns="http://schemas.microsoft.com/developer/msbuild/2003">
  <ItemGroup>
    <FxCompile Include="Resources\Shaders\BoxFilter.PS.hlsl" />
    <FxCompile Include="Resources\Shaders\CopyImage.PS.hlsl" />
    <FxCompile Include="Resources\Shaders\DepthBasedOutline.PS.hlsl" />
    <FxCompile Include="Resources\Shaders\Dissolve.PS.hlsl" />
    <FxCompile Include="Resources\Shaders\Fullscreen.VS.hlsl" />
    <FxCompile Include="Resources\Shaders\GaussianFilter.PS.hlsl" />
    <FxCompile Include="Resources\Shaders\Grayscale.PS.hlsl" />
    <FxCompile Include="Resources\Shaders\LuminanceBasedOutline.PS.hlsl" />
    <FxCompile Include="Resources\Shaders\Object2D.PS.hlsl" />
    <FxCompile Include="Resources\Shaders\Object2D.VS.hlsl" />
    <FxCompile Include="Resources\Shaders\Object3D.PS.hlsl" />
    <FxCompile Include="Resources\Shaders\Object3D.VS.hlsl" />
    <FxCompile Include="Resources\Shaders\Object3DUnTex.PS.hlsl" />
    <FxCompile Include="Resources\Shaders\Particle.PS.hlsl" />
    <FxCompile Include="Resources\Shaders\Particle.VS.hlsl" />
    <FxCompile Include="Resources\Shaders\PhongReflection.PS.hlsl" />
    <FxCompile Include="Resources\Shaders\PhongReflection.VS.hlsl" />
    <FxCompile Include="Resources\Shaders\Primitive.PS.hlsl" />
    <FxCompile Include="Resources\Shaders\Primitive.VS.hlsl" />
    <FxCompile Include="Resources\Shaders\RadialBlur.PS.hlsl" />
    <FxCompile Include="Resources\Shaders\SepiaTone.PS.hlsl" />
    <FxCompile Include="Resources\Shaders\SkinningObject3D.VS.hlsl" />
    <FxCompile Include="Resources\Shaders\Vignette.PS.hlsl" />
    <FxCompile Include="Resources\Shaders\Skinning.CS.hlsl" />
    <FxCompile Include="Resources\Shaders\PrimitiveLine.VS.hlsl" />
    <FxCompile Include="Resources\Shaders\PrimitiveLine.PS.hlsl" />
    <FxCompile Include="Resources\Shaders\WakeBoard.VS.hlsl" />
    <FxCompile Include="Resources\Shaders\DissolveParticle.PS.hlsl" />
    <FxCompile Include="Resources\Shaders\StaticMesh.VS.hlsl" />
    <FxCompile Include="Resources\Shaders\StaticMesh.PS.hlsl" />
  </ItemGroup>
  <ItemGroup>
    <None Include="Resources\Shaders\Fullscreen.hlsli" />
    <None Include="Resources\Shaders\Object2D.hlsli" />
    <None Include="Resources\Shaders\Object3D.hlsli" />
    <None Include="Resources\Shaders\Particle.hlsli" />
    <None Include="Resources\Shaders\PhongReflection.hlsli" />
    <None Include="Resources\Shaders\WakeBoard.hlsli" />
    <None Include="Resources\Shaders\StaticMesh.hlsli" />
  </ItemGroup>
  <ItemGroup>
    <ClCompile Include="main.cpp" />
    <ClCompile Include="Engine\Base\NewMoon.cpp" />
    <ClCompile Include="Engine\Window\WinApp.cpp" />
    <ClCompile Include="Engine\DXClass\DXCommon.cpp" />
    <ClCompile Include="Engine\DXClass\DXSwapChain.cpp" />
    <ClCompile Include="Engine\DXClass\DXDevice.cpp" />
    <ClCompile Include="Engine\DXClass\Managers\RtvManager.cpp" />
    <ClCompile Include="Lib\MathUtils\Vector3.cpp" />
  </ItemGroup>
  <ItemGroup>
    <ClInclude Include="Engine\Utility\Environment.h" />
    <ClInclude Include="Engine\Base\NewMoon.h" />
    <ClInclude Include="Engine\DXClass\ComPtr.h" />
    <ClInclude Include="Engine\Window\WinApp.h" />
    <ClInclude Include="Engine\DXClass\DXCommon.h" />
    <ClInclude Include="Engine\DXClass\DXSwapChain.h" />
    <ClInclude Include="Engine\DXClass\DXDevice.h" />
    <ClInclude Include="Engine\DXClass\Managers\RtvManager.h" />
    <ClInclude Include="Lib\MathUtils\Vector3.h" />
  </ItemGroup>
</Project>